
Microsoft Visual Studio Solution File, Format Version 12.00
# Visual Studio Version 17
VisualStudioVersion = 17.9.34616.47
MinimumVisualStudioVersion = 10.0.40219.1
Project("{FAE04EC0-301F-11D3-BF4B-00C04F79EFBC}") = "HotBuckUp", "HotBuckUp.csproj", "{7058BA83-9653-478E-8720-250E428EC09E}"
EndProject
Global
	GlobalSection(SolutionConfigurationPlatforms) = preSolution
		Debug|Any CPU = Debug|Any CPU
		Release|Any CPU = Release|Any CPU
	EndGlobalSection
	GlobalSection(ProjectConfigurationPlatforms) = postSolution
		{7058BA83-9653-478E-8720-250E428EC09E}.Debug|Any CPU.ActiveCfg = Debug|Any CPU
		{7058BA83-9653-478E-8720-250E428EC09E}.Debug|Any CPU.Build.0 = Debug|Any CPU
		{7058BA83-9653-478E-8720-250E428EC09E}.Release|Any CPU.ActiveCfg = Release|Any CPU
		{7058BA83-9653-478E-8720-250E428EC09E}.Release|Any CPU.Build.0 = Release|Any CPU
	EndGlobalSection
	GlobalSection(SolutionProperties) = preSolution
		HideSolutionNode = FALSE
	EndGlobalSection
	GlobalSection(ExtensibilityGlobals) = postSolution
		SolutionGuid = {51505946-5733-4411-815F-85C28A181CE0}
	EndGlobalSection
EndGlobal
